
Microsoft Visual Studio Solution File, Format Version 12.00
# Visual Studio 15
VisualStudioVersion = 15.0.28010.2026
MinimumVisualStudioVersion = 10.0.40219.1
Project("{FAE04EC0-301F-11D3-BF4B-00C04F79EFBC}") = "BlackJack", "BlackJack\BlackJack.csproj", "{EA11B788-673C-466D-BCF7-8306605E402A}"
EndProject
Global
	GlobalSection(SolutionConfigurationPlatforms) = preSolution
		Debug|Any CPU = Debug|Any CPU
		Release|Any CPU = Release|Any CPU
	EndGlobalSection
	GlobalSection(ProjectConfigurationPlatforms) = postSolution
		{EA11B788-673C-466D-BCF7-8306605E402A}.Debug|Any CPU.ActiveCfg = Debug|Any CPU
		{EA11B788-673C-466D-BCF7-8306605E402A}.Debug|Any CPU.Build.0 = Debug|Any CPU
		{EA11B788-673C-466D-BCF7-8306605E402A}.Release|Any CPU.ActiveCfg = Release|Any CPU
		{EA11B788-673C-466D-BCF7-8306605E402A}.Release|Any CPU.Build.0 = Release|Any CPU
	EndGlobalSection
	GlobalSection(SolutionProperties) = preSolution
		HideSolutionNode = FALSE
	EndGlobalSection
	GlobalSection(ExtensibilityGlobals) = postSolution
		SolutionGuid = {C301E9EF-FCBD-4497-804E-172A52172CDB}
	EndGlobalSection
EndGlobal
